
Microsoft Visual Studio Solution File, Format Version 12.00
Project("{FAE04EC0-301F-11D3-BF4B-00C04F79EFBC}") = "EnumerableExamples", "EnumerableExamples\EnumerableExamples.csproj", "{9D1AFB50-10ED-4C97-AC5A-C44BEE68AC97}"
EndProject
Project("{FAE04EC0-301F-11D3-BF4B-00C04F79EFBC}") = "FileSystemwatcher", "FileSystemwatcher\FileSystemwatcher.csproj", "{B4174DF2-C799-481F-88EC-A6C2F0F2E614}"
EndProject
Global
	GlobalSection(SolutionConfigurationPlatforms) = preSolution
		Debug|Any CPU = Debug|Any CPU
		Release|Any CPU = Release|Any CPU
	EndGlobalSection
	GlobalSection(ProjectConfigurationPlatforms) = postSolution
		{9D1AFB50-10ED-4C97-AC5A-C44BEE68AC97}.Debug|Any CPU.ActiveCfg = Debug|Any CPU
		{9D1AFB50-10ED-4C97-AC5A-C44BEE68AC97}.Debug|Any CPU.Build.0 = Debug|Any CPU
		{9D1AFB50-10ED-4C97-AC5A-C44BEE68AC97}.Release|Any CPU.ActiveCfg = Release|Any CPU
		{9D1AFB50-10ED-4C97-AC5A-C44BEE68AC97}.Release|Any CPU.Build.0 = Release|Any CPU
		{B4174DF2-C799-481F-88EC-A6C2F0F2E614}.Debug|Any CPU.ActiveCfg = Debug|Any CPU
		{B4174DF2-C799-481F-88EC-A6C2F0F2E614}.Debug|Any CPU.Build.0 = Debug|Any CPU
		{B4174DF2-C799-481F-88EC-A6C2F0F2E614}.Release|Any CPU.ActiveCfg = Release|Any CPU
		{B4174DF2-C799-481F-88EC-A6C2F0F2E614}.Release|Any CPU.Build.0 = Release|Any CPU
	EndGlobalSection
EndGlobal
